<?xml version="1.0" encoding="utf-8"?>
<Project ToolsVersion="4.0" xmlns="http://schemas.microsoft.com/developer/msbuild/2003">
  <ItemGroup>
    <ClCompile Include="..\..\..\frontend\ema_mp4_mux_api.c">
      <Filter>source</Filter>
    </ClCompile>
    <ClCompile Include="..\..\..\frontend\mp4_muxer_app.c">
      <Filter>source</Filter>
    </ClCompile>
  </ItemGroup>
  <ItemGroup>
    <Filter Include="include">
      <UniqueIdentifier>{aa4bc281-c574-4902-9d3a-9188e1400126}</UniqueIdentifier>
    </Filter>
    <Filter Include="source">
      <UniqueIdentifier>{d5aedf25-0e7f-4e75-9f9f-bee007ac0664}</UniqueIdentifier>
    </Filter>
  </ItemGroup>
  <ItemGroup>
    <ClInclude Include="..\..\..\frontend\ema_mp4_ifc.h">
      <Filter>include</Filter>
    </ClInclude>
  </ItemGroup>
</Project>