<?xml version="1.0" encoding="utf-8"?>
<Project ToolsVersion="4.0" xmlns="http://schemas.microsoft.com/developer/msbuild/2003">
  <ItemGroup>
    <ClCompile Include="..\..\..\frontend\ema_mp4_mux_api.c">
      <Filter>source</Filter>
    </ClCompile>
    <ClCompile Include="..\..\..\frontend\mp4_muxer_app.c">
      <Filter>source</Filter>
    </ClCompile>
  </ItemGroup>
  <ItemGroup>
    <Filter Include="include">
      <UniqueIdentifier>{fb7e25e9-f4e5-4d80-ad8d-7052481e9df3}</UniqueIdentifier>
    </Filter>
    <Filter Include="source">
      <UniqueIdentifier>{568cb879-b9a8-49ab-b605-580c383f409b}</UniqueIdentifier>
    </Filter>
  </ItemGroup>
  <ItemGroup>
    <ClInclude Include="..\..\..\frontend\ema_mp4_ifc.h">
      <Filter>include</Filter>
    </ClInclude>
  </ItemGroup>
</Project>