Microsoft Visual Studio Solution File, Format Version 11.00
# Visual Studio 2010
Project("{8BC9CEB8-8B4A-11D0-8D11-00A0C91BC942}") = "utils_test", "utils_test_2010.vcxproj", "{E3A77E13-8851-3655-B921-3D82DF66AA07}"
	ProjectSection(ProjectDependencies) = postProject
		{B5EFD117-D45F-34E4-89D9-4397C383EC1D} = {B5EFD117-D45F-34E4-89D9-4397C383EC1D}
	EndProjectSection
EndProject
Project("{8BC9CEB8-8B4A-11D0-8D11-00A0C91BC942}") = "libmp4base", "..\..\libmp4base\windows_x86\libmp4base_2010.vcxproj", "{B5EFD117-D45F-34E4-89D9-4397C383EC1D}"
EndProject
Global
	GlobalSection(SolutionConfigurationPlatforms) = preSolution
		debug|Win32 = debug|Win32
		release|Win32 = release|Win32
	EndGlobalSection
	GlobalSection(ProjectConfigurationPlatforms) = postSolution
		{B5EFD117-D45F-34E4-89D9-4397C383EC1D}.debug|Win32.ActiveCfg = debug|Win32
		{B5EFD117-D45F-34E4-89D9-4397C383EC1D}.debug|Win32.Build.0 = debug|Win32
		{E3A77E13-8851-3655-B921-3D82DF66AA07}.debug|Win32.ActiveCfg = debug|Win32
		{E3A77E13-8851-3655-B921-3D82DF66AA07}.debug|Win32.Build.0 = debug|Win32
		{B5EFD117-D45F-34E4-89D9-4397C383EC1D}.release|Win32.ActiveCfg = release|Win32
		{B5EFD117-D45F-34E4-89D9-4397C383EC1D}.release|Win32.Build.0 = release|Win32
		{E3A77E13-8851-3655-B921-3D82DF66AA07}.release|Win32.ActiveCfg = release|Win32
		{E3A77E13-8851-3655-B921-3D82DF66AA07}.release|Win32.Build.0 = release|Win32
	EndGlobalSection
	GlobalSection(SolutionProperties) = preSolution
		HideSolutionNode = FALSE
	EndGlobalSection
EndGlobal
