<?xml version="1.0" encoding="utf-8"?>
<Project ToolsVersion="4.0" xmlns="http://schemas.microsoft.com/developer/msbuild/2003">
  <ItemGroup>
    <ClCompile Include="..\..\..\src\esparser\dsi.c">
      <Filter>source</Filter>
    </ClCompile>
    <ClCompile Include="..\..\..\src\util\utils.c">
      <Filter>source</Filter>
    </ClCompile>
    <ClCompile Include="..\..\..\src\util\io_base.c">
      <Filter>source</Filter>
    </ClCompile>
    <ClCompile Include="..\..\..\src\util\io_buffer.c">
      <Filter>source</Filter>
    </ClCompile>
    <ClCompile Include="..\..\..\src\util\io_file.c">
      <Filter>source</Filter>
    </ClCompile>
    <ClCompile Include="..\..\..\src\util\list_itr.c">
      <Filter>source</Filter>
    </ClCompile>
    <ClCompile Include="..\..\..\src\mp4_isom.c">
      <Filter>source</Filter>
    </ClCompile>
    <ClCompile Include="..\..\..\src\mp4_muxer.c">
      <Filter>source</Filter>
    </ClCompile>
    <ClCompile Include="..\..\..\src\mp4_stream.c">
      <Filter>source</Filter>
    </ClCompile>
    <ClCompile Include="..\..\..\src\util\msg_log.c">
      <Filter>source</Filter>
    </ClCompile>
    <ClCompile Include="..\..\..\src\esparser\parser.c">
      <Filter>source</Filter>
    </ClCompile>
    <ClCompile Include="..\..\..\src\esparser\parser_aac.c">
      <Filter>source</Filter>
    </ClCompile>
    <ClCompile Include="..\..\..\src\esparser\parser_ac4.c">
      <Filter>source</Filter>
    </ClCompile>
    <ClCompile Include="..\..\..\src\esparser\parser_avc.c">
      <Filter>source</Filter>
    </ClCompile>
    <ClCompile Include="..\..\..\src\esparser\parser_avc_dec.c">
      <Filter>source</Filter>
    </ClCompile>
    <ClCompile Include="..\..\..\src\esparser\parser_avc_dpb.c">
      <Filter>source</Filter>
    </ClCompile>
    <ClCompile Include="..\..\..\src\esparser\parser_dd.c">
      <Filter>source</Filter>
    </ClCompile>
    <ClCompile Include="..\..\..\src\esparser\parser_hevc.c">
      <Filter>source</Filter>
    </ClCompile>
    <ClCompile Include="..\..\..\src\esparser\parser_hevc_dec.c">
      <Filter>source</Filter>
    </ClCompile>
    <ClCompile Include="..\..\..\src\util\registry.c">
      <Filter>source</Filter>
    </ClCompile>
  </ItemGroup>
  <ItemGroup>
    <ClInclude Include="..\..\..\include\boolean.h">
      <Filter>include</Filter>
    </ClInclude>
    <ClInclude Include="..\..\..\include\c99_inttypes.h">
      <Filter>include</Filter>
    </ClInclude>
    <ClInclude Include="..\..\..\include\io_base.h">
      <Filter>include</Filter>
    </ClInclude>
    <ClInclude Include="..\..\..\include\dsi.h">
      <Filter>include</Filter>
    </ClInclude>
    <ClInclude Include="..\..\..\include\list_itr.h">
      <Filter>include</Filter>
    </ClInclude>
    <ClInclude Include="..\..\..\include\memory_chk.h">
      <Filter>include</Filter>
    </ClInclude>
    <ClInclude Include="..\..\..\include\mp4_encrypt.h">
      <Filter>include</Filter>
    </ClInclude>
    <ClInclude Include="..\..\..\include\mp4_frag.h">
      <Filter>include</Filter>
    </ClInclude>
    <ClInclude Include="..\..\..\include\mp4_isom.h">
      <Filter>include</Filter>
    </ClInclude>
    <ClInclude Include="..\..\..\include\mp4_muxer.h">
      <Filter>include</Filter>
    </ClInclude>
    <ClInclude Include="..\..\..\include\mp4_stream.h">
      <Filter>include</Filter>
    </ClInclude>
    <ClInclude Include="..\..\..\include\msg_log.h">
      <Filter>include</Filter>
    </ClInclude>
    <ClInclude Include="..\..\..\include\parser.h">
      <Filter>include</Filter>
    </ClInclude>
    <ClInclude Include="..\..\..\include\parser_aac.h">
      <Filter>include</Filter>
    </ClInclude>
    <ClInclude Include="..\..\..\include\parser_avc_dec.h">
      <Filter>include</Filter>
    </ClInclude>
    <ClInclude Include="..\..\..\include\parser_avc_dpb.h">
      <Filter>include</Filter>
    </ClInclude>
    <ClInclude Include="..\..\..\include\parser_dd.h">
      <Filter>include</Filter>
    </ClInclude>
    <ClInclude Include="..\..\..\include\parser_defs.h">
      <Filter>include</Filter>
    </ClInclude>
    <ClInclude Include="..\..\..\include\registry.h">
      <Filter>include</Filter>
    </ClInclude>
    <ClInclude Include="..\..\..\include\return_codes.h">
      <Filter>include</Filter>
    </ClInclude>
    <ClInclude Include="..\..\..\include\utils.h">
      <Filter>include</Filter>
    </ClInclude>
    <ClInclude Include="..\..\..\include\parser_ac4.h">
      <Filter>include</Filter>
    </ClInclude>
    <ClInclude Include="..\..\..\include\parser_hevc_dec.h">
      <Filter>include</Filter>
    </ClInclude>
  </ItemGroup>
  <ItemGroup>
    <Filter Include="include">
      <UniqueIdentifier>{b0c69a05-dc34-473d-927a-a2dcceab974a}</UniqueIdentifier>
    </Filter>
    <Filter Include="source">
      <UniqueIdentifier>{db6f944d-372c-48c1-8f68-9a1ecc00d742}</UniqueIdentifier>
    </Filter>
  </ItemGroup>
</Project>